
Microsoft Visual Studio Solution File, Format Version 12.00
# Visual Studio 15
VisualStudioVersion = 15.0.26730.15
MinimumVisualStudioVersion = 10.0.40219.1
Project("{9A19103F-16F7-4668-BE54-9A1E7A4F7556}") = "gameServer", "gameServer\gameServer.csproj", "{1AC0488F-EA07-4DFF-BE75-A9F6D16A7952}"
EndProject
Project("{9A19103F-16F7-4668-BE54-9A1E7A4F7556}") = "gameClient", "gameClient\gameClient.csproj", "{A53437EF-1F43-47D8-823A-D1E39BC1D7F8}"
EndProject
Project("{9A19103F-16F7-4668-BE54-9A1E7A4F7556}") = "gameServer.Test", "gameServer.Test\gameServer.Test.csproj", "{99BBDA91-0A34-4ED5-974F-DC088A204D59}"
EndProject
Global
	GlobalSection(SolutionConfigurationPlatforms) = preSolution
		Debug|Any CPU = Debug|Any CPU
		Release|Any CPU = Release|Any CPU
	EndGlobalSection
	GlobalSection(ProjectConfigurationPlatforms) = postSolution
		{1AC0488F-EA07-4DFF-BE75-A9F6D16A7952}.Debug|Any CPU.ActiveCfg = Debug|Any CPU
		{1AC0488F-EA07-4DFF-BE75-A9F6D16A7952}.Debug|Any CPU.Build.0 = Debug|Any CPU
		{1AC0488F-EA07-4DFF-BE75-A9F6D16A7952}.Release|Any CPU.ActiveCfg = Release|Any CPU
		{1AC0488F-EA07-4DFF-BE75-A9F6D16A7952}.Release|Any CPU.Build.0 = Release|Any CPU
		{A53437EF-1F43-47D8-823A-D1E39BC1D7F8}.Debug|Any CPU.ActiveCfg = Debug|Any CPU
		{A53437EF-1F43-47D8-823A-D1E39BC1D7F8}.Debug|Any CPU.Build.0 = Debug|Any CPU
		{A53437EF-1F43-47D8-823A-D1E39BC1D7F8}.Release|Any CPU.ActiveCfg = Release|Any CPU
		{A53437EF-1F43-47D8-823A-D1E39BC1D7F8}.Release|Any CPU.Build.0 = Release|Any CPU
		{99BBDA91-0A34-4ED5-974F-DC088A204D59}.Debug|Any CPU.ActiveCfg = Debug|Any CPU
		{99BBDA91-0A34-4ED5-974F-DC088A204D59}.Debug|Any CPU.Build.0 = Debug|Any CPU
		{99BBDA91-0A34-4ED5-974F-DC088A204D59}.Release|Any CPU.ActiveCfg = Release|Any CPU
		{99BBDA91-0A34-4ED5-974F-DC088A204D59}.Release|Any CPU.Build.0 = Release|Any CPU
	EndGlobalSection
	GlobalSection(SolutionProperties) = preSolution
		HideSolutionNode = FALSE
	EndGlobalSection
	GlobalSection(ExtensibilityGlobals) = postSolution
		SolutionGuid = {52623D99-277C-471B-A3DF-76B257EBB94D}
	EndGlobalSection
EndGlobal
